{
  "nodes": {
    "nixpkgs": {
      "locked": {
        "lastModified": 1763464769,
        "narHash": "sha256-AJHrsT7VoeQzErpBRlLJM1SODcaayp0joAoEA35yiwM=",
        "owner": "NixOS",
        "repo": "nixpkgs",
        "rev": "6f374686605df381de8541c072038472a5ea2e2d",
        "type": "github"
      },
      "original": {
        "owner": "NixOS",
        "ref": "nixpkgs-unstable",
        "repo": "nixpkgs",
        "type": "github"
      }
    },
    "root": {
      "inputs": {
        "nixpkgs": "nixpkgs",
        "smoothflake": "smoothflake",
        "treefmt-nix": "treefmt-nix"
      }
    },
    "smoothflake": {
      "locked": {
        "lastModified": 1766764669,
        "narHash": "sha256-QOgXjlW3okVkqBDsPpbRI7q8usEp9kwePuAvt9ZlKhw=",
        "owner": "~bzm",
        "repo": "smoothflake",
        "rev": "1bf7be9f1c72afcc2cce3af9ac9493c907a1da44",
        "type": "sourcehut"
      },
      "original": {
        "owner": "~bzm",
        "repo": "smoothflake",
        "type": "sourcehut"
      }
    },
    "treefmt-nix": {
      "inputs": {
        "nixpkgs": [
          "nixpkgs"
        ]
      },
      "locked": {
        "lastModified": 1762938485,
        "narHash": "sha256-AlEObg0syDl+Spi4LsZIBrjw+snSVU4T8MOeuZJUJjM=",
        "owner": "numtide",
        "repo": "treefmt-nix",
        "rev": "5b4ee75aeefd1e2d5a1cc43cf6ba65eba75e83e4",
        "type": "github"
      },
      "original": {
        "owner": "numtide",
        "repo": "treefmt-nix",
        "type": "github"
      }
    }
  },
  "root": "root",
  "version": 7
}
