{
  "nodes": {
    "nixpkgs": {
      "locked": {
        "lastModified": 1763464769,
        "narHash": "sha256-AJHrsT7VoeQzErpBRlLJM1SODcaayp0joAoEA35yiwM=",
        "owner": "NixOS",
        "repo": "nixpkgs",
        "rev": "6f374686605df381de8541c072038472a5ea2e2d",
        "type": "github"
      },
      "original": {
        "owner": "NixOS",
        "ref": "nixpkgs-unstable",
        "repo": "nixpkgs",
        "type": "github"
      }
    },
    "root": {
      "inputs": {
        "nixpkgs": "nixpkgs",
        "smoothflake": "smoothflake"
      }
    },
    "smoothflake": {
      "locked": {
        "lastModified": 1766721082,
        "narHash": "sha256-aPoNQvmek9enVpgELoARfwllNDQm6jOKYrUcGr+yH9M=",
        "owner": "~bzm",
        "repo": "smoothflake",
        "rev": "445a06972490577c7aabaa861505af3d2b0d09bb",
        "type": "sourcehut"
      },
      "original": {
        "owner": "~bzm",
        "repo": "smoothflake",
        "type": "sourcehut"
      }
    }
  },
  "root": "root",
  "version": 7
}
