{
  "nodes": {
    "nixpkgs": {
      "locked": {
        "lastModified": 1763464769,
        "narHash": "sha256-AJHrsT7VoeQzErpBRlLJM1SODcaayp0joAoEA35yiwM=",
        "owner": "NixOS",
        "repo": "nixpkgs",
        "rev": "6f374686605df381de8541c072038472a5ea2e2d",
        "type": "github"
      },
      "original": {
        "owner": "NixOS",
        "ref": "nixpkgs-unstable",
        "repo": "nixpkgs",
        "type": "github"
      }
    },
    "root": {
      "inputs": {
        "nixpkgs": "nixpkgs",
        "smoothflake": "smoothflake"
      }
    },
    "smoothflake": {
      "locked": {
        "lastModified": 1766767870,
        "narHash": "sha256-FNlnzv6vgRhwuMOf+ySrhidjeE22Hj+8zDpny/PXYHc=",
        "owner": "~bzm",
        "repo": "smoothflake",
        "rev": "c16263453f5ff564aa09c571800880eace484af2",
        "type": "sourcehut"
      },
      "original": {
        "owner": "~bzm",
        "repo": "smoothflake",
        "type": "sourcehut"
      }
    }
  },
  "root": "root",
  "version": 7
}
