{
  "nodes": {
    "nixpkgs": {
      "locked": {
        "lastModified": 1763464769,
        "narHash": "sha256-AJHrsT7VoeQzErpBRlLJM1SODcaayp0joAoEA35yiwM=",
        "owner": "NixOS",
        "repo": "nixpkgs",
        "rev": "6f374686605df381de8541c072038472a5ea2e2d",
        "type": "github"
      },
      "original": {
        "owner": "NixOS",
        "ref": "nixpkgs-unstable",
        "repo": "nixpkgs",
        "type": "github"
      }
    },
    "root": {
      "inputs": {
        "nixpkgs": "nixpkgs",
        "smoothflake": "smoothflake"
      }
    },
    "smoothflake": {
      "locked": {
        "lastModified": 1767351048,
        "narHash": "sha256-IvxeP5E6ibB+T0tHF/TMiWS6ssSVa8vrEw8/qQMc75s=",
        "owner": "~bzm",
        "repo": "smoothflake",
        "rev": "ab72b0bd19c00f4e3dcd34641c9abe099ddb3489",
        "type": "sourcehut"
      },
      "original": {
        "owner": "~bzm",
        "repo": "smoothflake",
        "type": "sourcehut"
      }
    }
  },
  "root": "root",
  "version": 7
}
